
Microsoft Visual Studio Solution File, Format Version 12.00
# Visual Studio Version 17
VisualStudioVersion = 17.1.32319.34
MinimumVisualStudioVersion = 10.0.40219.1
Project("{9A19103F-16F7-4668-BE54-9A1E7A4F7556}") = "CCTransferB", "CCTransferB\CCTransferB.csproj", "{3AFA352A-D20B-4BCC-8E33-2DD3D22B6B26}"
EndProject
Project("{9A19103F-16F7-4668-BE54-9A1E7A4F7556}") = "FixerSharpCore", "FixerSharpCore\FixerSharpCore.csproj", "{F4521CBD-4B46-4437-8910-8488A839EF1B}"
EndProject
Global
	GlobalSection(SolutionConfigurationPlatforms) = preSolution
		Debug|Any CPU = Debug|Any CPU
		Release|Any CPU = Release|Any CPU
	EndGlobalSection
	GlobalSection(ProjectConfigurationPlatforms) = postSolution
		{3AFA352A-D20B-4BCC-8E33-2DD3D22B6B26}.Debug|Any CPU.ActiveCfg = Debug|Any CPU
		{3AFA352A-D20B-4BCC-8E33-2DD3D22B6B26}.Debug|Any CPU.Build.0 = Debug|Any CPU
		{3AFA352A-D20B-4BCC-8E33-2DD3D22B6B26}.Release|Any CPU.ActiveCfg = Release|Any CPU
		{3AFA352A-D20B-4BCC-8E33-2DD3D22B6B26}.Release|Any CPU.Build.0 = Release|Any CPU
		{F4521CBD-4B46-4437-8910-8488A839EF1B}.Debug|Any CPU.ActiveCfg = Debug|Any CPU
		{F4521CBD-4B46-4437-8910-8488A839EF1B}.Debug|Any CPU.Build.0 = Debug|Any CPU
		{F4521CBD-4B46-4437-8910-8488A839EF1B}.Release|Any CPU.ActiveCfg = Release|Any CPU
		{F4521CBD-4B46-4437-8910-8488A839EF1B}.Release|Any CPU.Build.0 = Release|Any CPU
	EndGlobalSection
	GlobalSection(SolutionProperties) = preSolution
		HideSolutionNode = FALSE
	EndGlobalSection
	GlobalSection(ExtensibilityGlobals) = postSolution
		SolutionGuid = {8FCCB18C-78CF-4665-886A-E4860BAD6340}
	EndGlobalSection
EndGlobal
